// !$*UTF8*$!
{
	archiveVersion = 1;
	classes = {
	};
	objectVersion = 46;
	objects = {
/* Begin PBXBuildFile section */
		0207DA581B56EA530066E2B4 /* Images.xcassets in Resources */ = {isa = PBXBuildFile; fileRef = 0207DA571B56EA530066E2B4 /* Images.xcassets */; };
		1D3623260D0F684500981E51 /* AppDelegate.m in Sources */ = {isa = PBXBuildFile; fileRef = 1D3623250D0F684500981E51 /* AppDelegate.m */; };
		1D60589B0D05DD56006BFB54 /* main.m in Sources */ = {isa = PBXBuildFile; fileRef = 29B97316FDCFA39411CA2CEA /* main.m */; };
		301BF552109A68D80062928A /* libCordova.a in Frameworks */ = {isa = PBXBuildFile; fileRef = 301BF535109A57CC0062928A /* libCordova.a */; };
		302D95F114D2391D003F00A1 /* MainViewController.m in Sources */ = {isa = PBXBuildFile; fileRef = 302D95EF14D2391D003F00A1 /* MainViewController.m */; };
		302D95F214D2391D003F00A1 /* MainViewController.xib in Resources */ = {isa = PBXBuildFile; fileRef = 302D95F014D2391D003F00A1 /* MainViewController.xib */; };
		3047A5121AB8059700498E2A /* build-debug.xcconfig in Resources */ = {isa = PBXBuildFile; fileRef = 3047A50F1AB8059700498E2A /* build-debug.xcconfig */; };
		3047A5131AB8059700498E2A /* build-release.xcconfig in Resources */ = {isa = PBXBuildFile; fileRef = 3047A5101AB8059700498E2A /* build-release.xcconfig */; };
		3047A5141AB8059700498E2A /* build.xcconfig in Resources */ = {isa = PBXBuildFile; fileRef = 3047A5111AB8059700498E2A /* build.xcconfig */; };
		7E346D4FDCE44B20876DECEE /* CDVContacts.m in Sources */ = {isa = PBXBuildFile; fileRef = 8209B58B857E404C808EE191 /* CDVContacts.m */; };
		D21A9D3AE81541C5894A8EE7 /* CDVContact.m in Sources */ = {isa = PBXBuildFile; fileRef = A4B528EEFA3D4636AB93286A /* CDVContact.m */; };
		181E397BDFAE4248A7D0B601 /* AddressBook.framework in Frameworks */ = {isa = PBXBuildFile; fileRef = F8A03E7E5D734E2FB7965F44 /* AddressBook.framework */; settings = {ATTRIBUTES = (Weak, ); }; };
		98B58F801D9842F1A6C85684 /* AddressBookUI.framework in Frameworks */ = {isa = PBXBuildFile; fileRef = BBBD441699784410A715C728 /* AddressBookUI.framework */; settings = {ATTRIBUTES = (Weak, ); }; };
		1E58D113AD08428BBA8AFEB8 /* CDVBattery.m in Sources */ = {isa = PBXBuildFile; fileRef = FCBB000EF430434CBFA5F3DB /* CDVBattery.m */; };
		0161EDEC9B604E21BA3DA5E4 /* UIImage+CropScaleOrientation.m in Sources */ = {isa = PBXBuildFile; fileRef = BABB7AC37DAD4E0DADEF9976 /* UIImage+CropScaleOrientation.m */; };
		7881A6786E2F4FA382427A7C /* CDVCamera.m in Sources */ = {isa = PBXBuildFile; fileRef = F36C15C8E02A4BFBA31269D1 /* CDVCamera.m */; };
		217DD5A4FD3B47DBAE06CBE8 /* CDVJpegHeaderWriter.m in Sources */ = {isa = PBXBuildFile; fileRef = 8854238C5E624CCBBF005676 /* CDVJpegHeaderWriter.m */; };
		91D3748931294C649ABBD6D5 /* ImageIO.framework in Frameworks */ = {isa = PBXBuildFile; fileRef = E768C6A75D904CFAA3C0C59A /* ImageIO.framework */; settings = {ATTRIBUTES = (Weak, ); }; };
		03A89122FB864489A16894FB /* CoreLocation.framework in Frameworks */ = {isa = PBXBuildFile; fileRef = 81B59B3819E648B790EA26A8 /* CoreLocation.framework */; };
		DA0D895B89BF4FA49F04A25C /* AVFoundation.framework in Frameworks */ = {isa = PBXBuildFile; fileRef = C2F8023AA50A488FA294E717 /* AVFoundation.framework */; };
		9A97027243714E9E98D30588 /* CDVFile.m in Sources */ = {isa = PBXBuildFile; fileRef = 400D8E0CAAEC45ECA9BE229B /* CDVFile.m */; };
		49F169971DD04044943E9EDC /* CDVLocalFilesystem.m in Sources */ = {isa = PBXBuildFile; fileRef = C5D9F235CF3B4A97B278ADE3 /* CDVLocalFilesystem.m */; };
		B314F9704EB04A77BFE0C384 /* CDVAssetLibraryFilesystem.m in Sources */ = {isa = PBXBuildFile; fileRef = C5A29CA627664AE79FB6989E /* CDVAssetLibraryFilesystem.m */; };
		64AC2C7735F24C3C9280E952 /* CDVCapture.m in Sources */ = {isa = PBXBuildFile; fileRef = 54120A77DD2A4B0E9AAE80DB /* CDVCapture.m */; };
		49FC6A931DC848D88FA133E9 /* CDVCapture.bundle in Resources */ = {isa = PBXBuildFile; fileRef = B194416F0CDA485F913E7CC9 /* CDVCapture.bundle */; };
		6C8B4D6C214C410C90308D47 /* CDVLogger.m in Sources */ = {isa = PBXBuildFile; fileRef = E1987E45FD2447E8ABDFA960 /* CDVLogger.m */; };
		A680F35DF2FD458AB01086DB /* CDVDevice.m in Sources */ = {isa = PBXBuildFile; fileRef = 72D0ED639DEE4284AF337D39 /* CDVDevice.m */; };
		5F729BEE67ED4E11A3C9C669 /* CDVAccelerometer.m in Sources */ = {isa = PBXBuildFile; fileRef = 51119F12D3054BD3A9B72710 /* CDVAccelerometer.m */; };
		4AFE81B58EC44C0085C96880 /* CoreMotion.framework in Frameworks */ = {isa = PBXBuildFile; fileRef = A717B579DDD44B2E977E8569 /* CoreMotion.framework */; };
		365CD19EC27F478297B123EE /* CDVCompass.m in Sources */ = {isa = PBXBuildFile; fileRef = D0B7017E76DB4D84A3FDDBB4 /* CDVCompass.m */; };
		CC647CB1E5344CA4B45162AE /* CDVNotification.m in Sources */ = {isa = PBXBuildFile; fileRef = ED5D4AA2D77E479AABDDDA54 /* CDVNotification.m */; };
		9BE6018401CA4D75BCB2B0A4 /* CDVNotification.bundle in Resources */ = {isa = PBXBuildFile; fileRef = 7F5498E8A6DF4BC88A037E9F /* CDVNotification.bundle */; };
		6BAAFACC80964BC5B3F78144 /* AudioToolbox.framework in Frameworks */ = {isa = PBXBuildFile; fileRef = E3C4F1278BBD4B419EEADD11 /* AudioToolbox.framework */; settings = {ATTRIBUTES = (Weak, ); }; };
		362942B192E24C9BB304B2F4 /* CDVFileTransfer.m in Sources */ = {isa = PBXBuildFile; fileRef = 82778A993E8E4628A6A8D567 /* CDVFileTransfer.m */; };
		8CC5D54FAAAB459091B3247C /* CDVLocation.m in Sources */ = {isa = PBXBuildFile; fileRef = 8D7E641A15254CE191E85021 /* CDVLocation.m */; };
		0A586BC22B0147D5B1CE89AC /* CDVGlobalization.m in Sources */ = {isa = PBXBuildFile; fileRef = FA3293E96DE844CAB34F2F5F /* CDVGlobalization.m */; };
		97B19F3D94074390BACBB6EB /* CDVInAppBrowser.m in Sources */ = {isa = PBXBuildFile; fileRef = 5298B3B8C7A440EBA8D8D03C /* CDVInAppBrowser.m */; };
		C334C49132394FC69EE8D7DA /* CDVSound.m in Sources */ = {isa = PBXBuildFile; fileRef = 56EE60029E2342D8AABE11A1 /* CDVSound.m */; };
		0C1CB2E854B543778A149B91 /* CDVConnection.m in Sources */ = {isa = PBXBuildFile; fileRef = 8C2812AF1CC94FACB84974F4 /* CDVConnection.m */; };
		98337C70A6764BB494D672C6 /* CDVReachability.m in Sources */ = {isa = PBXBuildFile; fileRef = 564C89387DAF4CEB90AE0CCF /* CDVReachability.m */; };
		25D3DF61492D45099F330DD2 /* SystemConfiguration.framework in Frameworks */ = {isa = PBXBuildFile; fileRef = A6781CA048654659BC67C0FB /* SystemConfiguration.framework */; settings = {ATTRIBUTES = (Weak, ); }; };
		433D5735A3234F2780F790CD /* CoreTelephony.framework in Frameworks */ = {isa = PBXBuildFile; fileRef = F4B2E77CE1D34932AEA372D9 /* CoreTelephony.framework */; };
		2CD372A45BC24CB2995BA289 /* CDVSplashScreen.m in Sources */ = {isa = PBXBuildFile; fileRef = 20B98555616B46A2BE8F1404 /* CDVSplashScreen.m */; };
		8D1D38A10E7C42D0AB54CDBD /* CDVViewController+SplashScreen.m in Sources */ = {isa = PBXBuildFile; fileRef = 947E57CC741F4519A928D415 /* CDVViewController+SplashScreen.m */; };
		5878BC5EF90F462E9267C175 /* CDVStatusBar.m in Sources */ = {isa = PBXBuildFile; fileRef = 06C8C3668F6E4AAFA5BA323F /* CDVStatusBar.m */; };
		5CDF93998F11436B869FC19D /* CDVVibration.m in Sources */ = {isa = PBXBuildFile; fileRef = B067687C5BD24F808B80F9AE /* CDVVibration.m */; };
		D3444B9F771C460CAB024457 /* AppDelegate+notification.m in Sources */ = {isa = PBXBuildFile; fileRef = 6AB0E92BB24F456CB54784A6 /* AppDelegate+notification.m */; };
		C404042377044D1C9E14B2EE /* PushPlugin.m in Sources */ = {isa = PBXBuildFile; fileRef = 6AAB51541FCF4235B987D40F /* PushPlugin.m */; };
/* End PBXBuildFile section */

/* Begin PBXContainerItemProxy section */
		301BF534109A57CC0062928A /* PBXContainerItemProxy */ = {
			isa = PBXContainerItemProxy;
			containerPortal = 301BF52D109A57CC0062928A /* CordovaLib.xcodeproj */;
			proxyType = 2;
			remoteGlobalIDString = D2AAC07E0554694100DB518D;
			remoteInfo = CordovaLib;
		};
		301BF550109A68C00062928A /* PBXContainerItemProxy */ = {
			isa = PBXContainerItemProxy;
			containerPortal = 301BF52D109A57CC0062928A /* CordovaLib.xcodeproj */;
			proxyType = 1;
			remoteGlobalIDString = D2AAC07D0554694100DB518D;
			remoteInfo = CordovaLib;
		};
/* End PBXContainerItemProxy section */

/* Begin PBXFileReference section */
		0207DA571B56EA530066E2B4 /* Images.xcassets */ = {isa = PBXFileReference; lastKnownFileType = folder.assetcatalog; name = Images.xcassets; path = "intouch/Images.xcassets"; sourceTree = SOURCE_ROOT; };
		1D3623240D0F684500981E51 /* AppDelegate.h */ = {isa = PBXFileReference; fileEncoding = 4; lastKnownFileType = sourcecode.c.h; path = AppDelegate.h; sourceTree = "<group>"; };
		1D3623250D0F684500981E51 /* AppDelegate.m */ = {isa = PBXFileReference; fileEncoding = 4; lastKnownFileType = sourcecode.c.objc; path = AppDelegate.m; sourceTree = "<group>"; };
		1D6058910D05DD3D006BFB54 /* intouch.app */ = {isa = PBXFileReference; explicitFileType = wrapper.application; includeInIndex = 0; path = "intouch.app"; sourceTree = BUILT_PRODUCTS_DIR; };
		29B97316FDCFA39411CA2CEA /* main.m */ = {isa = PBXFileReference; fileEncoding = 4; lastKnownFileType = sourcecode.c.objc; path = main.m; sourceTree = "<group>"; };
		301BF52D109A57CC0062928A /* CordovaLib.xcodeproj */ = {isa = PBXFileReference; lastKnownFileType = "wrapper.pb-project"; name = CordovaLib.xcodeproj; path = CordovaLib/CordovaLib.xcodeproj; sourceTree = "<group>"; };
		301BF56E109A69640062928A /* www */ = {isa = PBXFileReference; lastKnownFileType = folder; path = www; sourceTree = SOURCE_ROOT; };
		302D95EE14D2391D003F00A1 /* MainViewController.h */ = {isa = PBXFileReference; fileEncoding = 4; lastKnownFileType = sourcecode.c.h; path = MainViewController.h; sourceTree = "<group>"; };
		302D95EF14D2391D003F00A1 /* MainViewController.m */ = {isa = PBXFileReference; fileEncoding = 4; lastKnownFileType = sourcecode.c.objc; path = MainViewController.m; sourceTree = "<group>"; };
		302D95F014D2391D003F00A1 /* MainViewController.xib */ = {isa = PBXFileReference; fileEncoding = 4; lastKnownFileType = file.xib; path = MainViewController.xib; sourceTree = "<group>"; };
		3047A50F1AB8059700498E2A /* build-debug.xcconfig */ = {isa = PBXFileReference; fileEncoding = 4; lastKnownFileType = text.xcconfig; name = "build-debug.xcconfig"; path = cordova/build-debug.xcconfig; sourceTree = SOURCE_ROOT; };
		3047A5101AB8059700498E2A /* build-release.xcconfig */ = {isa = PBXFileReference; fileEncoding = 4; lastKnownFileType = text.xcconfig; name = "build-release.xcconfig"; path = cordova/build-release.xcconfig; sourceTree = SOURCE_ROOT; };
		3047A5111AB8059700498E2A /* build.xcconfig */ = {isa = PBXFileReference; fileEncoding = 4; lastKnownFileType = text.xcconfig; name = build.xcconfig; path = cordova/build.xcconfig; sourceTree = SOURCE_ROOT; };
		32CA4F630368D1EE00C91783 /* intouch-Prefix.pch */ = {isa = PBXFileReference; fileEncoding = 4; lastKnownFileType = sourcecode.c.h; path = "intouch-Prefix.pch"; sourceTree = "<group>"; };
		8D1107310486CEB800E47090 /* intouch-Info.plist */ = {isa = PBXFileReference; fileEncoding = 4; lastKnownFileType = text.plist.xml; name = "intouch-Info.plist"; path = "intouch/intouch-Info.plist"; plistStructureDefinitionIdentifier = "com.apple.xcode.plist.structure-definition.iphone.info-plist"; sourceTree = SOURCE_ROOT; };
		EB87FDF31871DA8E0020F90C /* www */ = {isa = PBXFileReference; lastKnownFileType = folder; name = www; path = ../../www; sourceTree = "<group>"; };
		EB87FDF41871DAF40020F90C /* config.xml */ = {isa = PBXFileReference; lastKnownFileType = text.xml; name = config.xml; path = ../../config.xml; sourceTree = "<group>"; };
		F840E1F0165FE0F500CFE078 /* config.xml */ = {isa = PBXFileReference; lastKnownFileType = text.xml; name = config.xml; path = "intouch/config.xml"; sourceTree = "<group>"; };
		ED33DF2A687741AEAF9F8254 /* Bridging-Header.h */ = {isa = PBXFileReference; fileEncoding = 4; lastKnownFileType = sourcecode.c.h; name = "Bridging-Header.h"; path = "Bridging-Header.h"; sourceTree = "<group>"; };
		8209B58B857E404C808EE191 /* CDVContacts.m */ = {isa = PBXFileReference; name = "CDVContacts.m"; path = "cordova-plugin-contacts/CDVContacts.m"; sourceTree = "<group>"; fileEncoding = 4; lastKnownFileType = sourcecode.c.objc; explicitFileType = undefined; includeInIndex = 0; };
		A4B528EEFA3D4636AB93286A /* CDVContact.m */ = {isa = PBXFileReference; name = "CDVContact.m"; path = "cordova-plugin-contacts/CDVContact.m"; sourceTree = "<group>"; fileEncoding = 4; lastKnownFileType = sourcecode.c.objc; explicitFileType = undefined; includeInIndex = 0; };
		EFECBE845D044811B1F76E9D /* CDVContacts.h */ = {isa = PBXFileReference; name = "CDVContacts.h"; path = "cordova-plugin-contacts/CDVContacts.h"; sourceTree = "<group>"; fileEncoding = 4; lastKnownFileType = sourcecode.c.h; explicitFileType = undefined; includeInIndex = 0; };
		CF1A09376D4F48DAAF41B191 /* CDVContact.h */ = {isa = PBXFileReference; name = "CDVContact.h"; path = "cordova-plugin-contacts/CDVContact.h"; sourceTree = "<group>"; fileEncoding = 4; lastKnownFileType = sourcecode.c.h; explicitFileType = undefined; includeInIndex = 0; };
		F8A03E7E5D734E2FB7965F44 /* AddressBook.framework */ = {isa = PBXFileReference; name = "AddressBook.framework"; path = "System/Library/Frameworks/AddressBook.framework"; sourceTree = SDKROOT; fileEncoding = undefined; lastKnownFileType = wrapper.framework; explicitFileType = undefined; includeInIndex = 0; };
		BBBD441699784410A715C728 /* AddressBookUI.framework */ = {isa = PBXFileReference; name = "AddressBookUI.framework"; path = "System/Library/Frameworks/AddressBookUI.framework"; sourceTree = SDKROOT; fileEncoding = undefined; lastKnownFileType = wrapper.framework; explicitFileType = undefined; includeInIndex = 0; };
		FCBB000EF430434CBFA5F3DB /* CDVBattery.m */ = {isa = PBXFileReference; name = "CDVBattery.m"; path = "cordova-plugin-battery-status/CDVBattery.m"; sourceTree = "<group>"; fileEncoding = 4; lastKnownFileType = sourcecode.c.objc; explicitFileType = undefined; includeInIndex = 0; };
		746DAD1301DD44CF8C4651B0 /* CDVBattery.h */ = {isa = PBXFileReference; name = "CDVBattery.h"; path = "cordova-plugin-battery-status/CDVBattery.h"; sourceTree = "<group>"; fileEncoding = 4; lastKnownFileType = sourcecode.c.h; explicitFileType = undefined; includeInIndex = 0; };
		BABB7AC37DAD4E0DADEF9976 /* UIImage+CropScaleOrientation.m */ = {isa = PBXFileReference; name = "UIImage+CropScaleOrientation.m"; path = "cordova-plugin-camera/UIImage+CropScaleOrientation.m"; sourceTree = "<group>"; fileEncoding = 4; lastKnownFileType = sourcecode.c.objc; explicitFileType = undefined; includeInIndex = 0; };
		F36C15C8E02A4BFBA31269D1 /* CDVCamera.m */ = {isa = PBXFileReference; name = "CDVCamera.m"; path = "cordova-plugin-camera/CDVCamera.m"; sourceTree = "<group>"; fileEncoding = 4; lastKnownFileType = sourcecode.c.objc; explicitFileType = undefined; includeInIndex = 0; };
		8854238C5E624CCBBF005676 /* CDVJpegHeaderWriter.m */ = {isa = PBXFileReference; name = "CDVJpegHeaderWriter.m"; path = "cordova-plugin-camera/CDVJpegHeaderWriter.m"; sourceTree = "<group>"; fileEncoding = 4; lastKnownFileType = sourcecode.c.objc; explicitFileType = undefined; includeInIndex = 0; };
		F1813D4C7ADC4461B58C83C0 /* UIImage+CropScaleOrientation.h */ = {isa = PBXFileReference; name = "UIImage+CropScaleOrientation.h"; path = "cordova-plugin-camera/UIImage+CropScaleOrientation.h"; sourceTree = "<group>"; fileEncoding = 4; lastKnownFileType = sourcecode.c.h; explicitFileType = undefined; includeInIndex = 0; };
		D3D122F0D5BC4CC5A95C3814 /* CDVCamera.h */ = {isa = PBXFileReference; name = "CDVCamera.h"; path = "cordova-plugin-camera/CDVCamera.h"; sourceTree = "<group>"; fileEncoding = 4; lastKnownFileType = sourcecode.c.h; explicitFileType = undefined; includeInIndex = 0; };
		E6ADC7CD30A34304A7414B91 /* CDVJpegHeaderWriter.h */ = {isa = PBXFileReference; name = "CDVJpegHeaderWriter.h"; path = "cordova-plugin-camera/CDVJpegHeaderWriter.h"; sourceTree = "<group>"; fileEncoding = 4; lastKnownFileType = sourcecode.c.h; explicitFileType = undefined; includeInIndex = 0; };
		99AAF2CCEB3046A5B2BDD927 /* CDVExif.h */ = {isa = PBXFileReference; name = "CDVExif.h"; path = "cordova-plugin-camera/CDVExif.h"; sourceTree = "<group>"; fileEncoding = 4; lastKnownFileType = sourcecode.c.h; explicitFileType = undefined; includeInIndex = 0; };
		E768C6A75D904CFAA3C0C59A /* ImageIO.framework */ = {isa = PBXFileReference; name = "ImageIO.framework"; path = "System/Library/Frameworks/ImageIO.framework"; sourceTree = SDKROOT; fileEncoding = undefined; lastKnownFileType = wrapper.framework; explicitFileType = undefined; includeInIndex = 0; };
		81B59B3819E648B790EA26A8 /* CoreLocation.framework */ = {isa = PBXFileReference; name = "CoreLocation.framework"; path = "System/Library/Frameworks/CoreLocation.framework"; sourceTree = SDKROOT; fileEncoding = undefined; lastKnownFileType = wrapper.framework; explicitFileType = undefined; includeInIndex = 0; };
		C2F8023AA50A488FA294E717 /* AVFoundation.framework */ = {isa = PBXFileReference; name = "AVFoundation.framework"; path = "System/Library/Frameworks/AVFoundation.framework"; sourceTree = SDKROOT; fileEncoding = undefined; lastKnownFileType = wrapper.framework; explicitFileType = undefined; includeInIndex = 0; };
		400D8E0CAAEC45ECA9BE229B /* CDVFile.m */ = {isa = PBXFileReference; name = "CDVFile.m"; path = "cordova-plugin-file/CDVFile.m"; sourceTree = "<group>"; fileEncoding = 4; lastKnownFileType = sourcecode.c.objc; explicitFileType = undefined; includeInIndex = 0; };
		C5D9F235CF3B4A97B278ADE3 /* CDVLocalFilesystem.m */ = {isa = PBXFileReference; name = "CDVLocalFilesystem.m"; path = "cordova-plugin-file/CDVLocalFilesystem.m"; sourceTree = "<group>"; fileEncoding = 4; lastKnownFileType = sourcecode.c.objc; explicitFileType = undefined; includeInIndex = 0; };
		C5A29CA627664AE79FB6989E /* CDVAssetLibraryFilesystem.m */ = {isa = PBXFileReference; name = "CDVAssetLibraryFilesystem.m"; path = "cordova-plugin-file/CDVAssetLibraryFilesystem.m"; sourceTree = "<group>"; fileEncoding = 4; lastKnownFileType = sourcecode.c.objc; explicitFileType = undefined; includeInIndex = 0; };
		4E9A5673A22D4754B3160560 /* CDVFile.h */ = {isa = PBXFileReference; name = "CDVFile.h"; path = "cordova-plugin-file/CDVFile.h"; sourceTree = "<group>"; fileEncoding = 4; lastKnownFileType = sourcecode.c.h; explicitFileType = undefined; includeInIndex = 0; };
		D20367E2BEEB46CBA1A30721 /* CDVLocalFilesystem.h */ = {isa = PBXFileReference; name = "CDVLocalFilesystem.h"; path = "cordova-plugin-file/CDVLocalFilesystem.h"; sourceTree = "<group>"; fileEncoding = 4; lastKnownFileType = sourcecode.c.h; explicitFileType = undefined; includeInIndex = 0; };
		12F6799991014C0D81A8508A /* CDVAssetLibraryFilesystem.h */ = {isa = PBXFileReference; name = "CDVAssetLibraryFilesystem.h"; path = "cordova-plugin-file/CDVAssetLibraryFilesystem.h"; sourceTree = "<group>"; fileEncoding = 4; lastKnownFileType = sourcecode.c.h; explicitFileType = undefined; includeInIndex = 0; };
		54120A77DD2A4B0E9AAE80DB /* CDVCapture.m */ = {isa = PBXFileReference; name = "CDVCapture.m"; path = "cordova-plugin-media-capture/CDVCapture.m"; sourceTree = "<group>"; fileEncoding = 4; lastKnownFileType = sourcecode.c.objc; explicitFileType = undefined; includeInIndex = 0; };
		5C2E10310C484DCDBFFC5966 /* CDVCapture.h */ = {isa = PBXFileReference; name = "CDVCapture.h"; path = "cordova-plugin-media-capture/CDVCapture.h"; sourceTree = "<group>"; fileEncoding = 4; lastKnownFileType = sourcecode.c.h; explicitFileType = undefined; includeInIndex = 0; };
		B194416F0CDA485F913E7CC9 /* CDVCapture.bundle */ = {isa = PBXFileReference; name = "CDVCapture.bundle"; path = "CDVCapture.bundle"; sourceTree = "<group>"; fileEncoding = undefined; lastKnownFileType = wrapper.plug-in; explicitFileType = undefined; includeInIndex = 0; };
		E1987E45FD2447E8ABDFA960 /* CDVLogger.m */ = {isa = PBXFileReference; name = "CDVLogger.m"; path = "cordova-plugin-console/CDVLogger.m"; sourceTree = "<group>"; fileEncoding = 4; lastKnownFileType = sourcecode.c.objc; explicitFileType = undefined; includeInIndex = 0; };
		9B70B21A4BFD47F09DE00B8E /* CDVLogger.h */ = {isa = PBXFileReference; name = "CDVLogger.h"; path = "cordova-plugin-console/CDVLogger.h"; sourceTree = "<group>"; fileEncoding = 4; lastKnownFileType = sourcecode.c.h; explicitFileType = undefined; includeInIndex = 0; };
		72D0ED639DEE4284AF337D39 /* CDVDevice.m */ = {isa = PBXFileReference; name = "CDVDevice.m"; path = "cordova-plugin-device/CDVDevice.m"; sourceTree = "<group>"; fileEncoding = 4; lastKnownFileType = sourcecode.c.objc; explicitFileType = undefined; includeInIndex = 0; };
		91D1BB69E9CE4F609BB25005 /* CDVDevice.h */ = {isa = PBXFileReference; name = "CDVDevice.h"; path = "cordova-plugin-device/CDVDevice.h"; sourceTree = "<group>"; fileEncoding = 4; lastKnownFileType = sourcecode.c.h; explicitFileType = undefined; includeInIndex = 0; };
		51119F12D3054BD3A9B72710 /* CDVAccelerometer.m */ = {isa = PBXFileReference; name = "CDVAccelerometer.m"; path = "cordova-plugin-device-motion/CDVAccelerometer.m"; sourceTree = "<group>"; fileEncoding = 4; lastKnownFileType = sourcecode.c.objc; explicitFileType = undefined; includeInIndex = 0; };
		B5C7581531234D0B8BD7EE1F /* CDVAccelerometer.h */ = {isa = PBXFileReference; name = "CDVAccelerometer.h"; path = "cordova-plugin-device-motion/CDVAccelerometer.h"; sourceTree = "<group>"; fileEncoding = 4; lastKnownFileType = sourcecode.c.h; explicitFileType = undefined; includeInIndex = 0; };
		A717B579DDD44B2E977E8569 /* CoreMotion.framework */ = {isa = PBXFileReference; name = "CoreMotion.framework"; path = "System/Library/Frameworks/CoreMotion.framework"; sourceTree = SDKROOT; fileEncoding = undefined; lastKnownFileType = wrapper.framework; explicitFileType = undefined; includeInIndex = 0; };
		D0B7017E76DB4D84A3FDDBB4 /* CDVCompass.m */ = {isa = PBXFileReference; name = "CDVCompass.m"; path = "cordova-plugin-device-orientation/CDVCompass.m"; sourceTree = "<group>"; fileEncoding = 4; lastKnownFileType = sourcecode.c.objc; explicitFileType = undefined; includeInIndex = 0; };
		4B3322E7EC1C48A3B906B898 /* CDVCompass.h */ = {isa = PBXFileReference; name = "CDVCompass.h"; path = "cordova-plugin-device-orientation/CDVCompass.h"; sourceTree = "<group>"; fileEncoding = 4; lastKnownFileType = sourcecode.c.h; explicitFileType = undefined; includeInIndex = 0; };
		ED5D4AA2D77E479AABDDDA54 /* CDVNotification.m */ = {isa = PBXFileReference; name = "CDVNotification.m"; path = "cordova-plugin-dialogs/CDVNotification.m"; sourceTree = "<group>"; fileEncoding = 4; lastKnownFileType = sourcecode.c.objc; explicitFileType = undefined; includeInIndex = 0; };
		092CBC182F834C4CB04E0ECE /* CDVNotification.h */ = {isa = PBXFileReference; name = "CDVNotification.h"; path = "cordova-plugin-dialogs/CDVNotification.h"; sourceTree = "<group>"; fileEncoding = 4; lastKnownFileType = sourcecode.c.h; explicitFileType = undefined; includeInIndex = 0; };
		7F5498E8A6DF4BC88A037E9F /* CDVNotification.bundle */ = {isa = PBXFileReference; name = "CDVNotification.bundle"; path = "CDVNotification.bundle"; sourceTree = "<group>"; fileEncoding = undefined; lastKnownFileType = wrapper.plug-in; explicitFileType = undefined; includeInIndex = 0; };
		E3C4F1278BBD4B419EEADD11 /* AudioToolbox.framework */ = {isa = PBXFileReference; name = "AudioToolbox.framework"; path = "System/Library/Frameworks/AudioToolbox.framework"; sourceTree = SDKROOT; fileEncoding = undefined; lastKnownFileType = wrapper.framework; explicitFileType = undefined; includeInIndex = 0; };
		82778A993E8E4628A6A8D567 /* CDVFileTransfer.m */ = {isa = PBXFileReference; name = "CDVFileTransfer.m"; path = "cordova-plugin-file-transfer/CDVFileTransfer.m"; sourceTree = "<group>"; fileEncoding = 4; lastKnownFileType = sourcecode.c.objc; explicitFileType = undefined; includeInIndex = 0; };
		965BF3BF23A74C4BBE038368 /* CDVFileTransfer.h */ = {isa = PBXFileReference; name = "CDVFileTransfer.h"; path = "cordova-plugin-file-transfer/CDVFileTransfer.h"; sourceTree = "<group>"; fileEncoding = 4; lastKnownFileType = sourcecode.c.h; explicitFileType = undefined; includeInIndex = 0; };
		8D7E641A15254CE191E85021 /* CDVLocation.m */ = {isa = PBXFileReference; name = "CDVLocation.m"; path = "cordova-plugin-geolocation/CDVLocation.m"; sourceTree = "<group>"; fileEncoding = 4; lastKnownFileType = sourcecode.c.objc; explicitFileType = undefined; includeInIndex = 0; };
		18EA4ED245444D6285128861 /* CDVLocation.h */ = {isa = PBXFileReference; name = "CDVLocation.h"; path = "cordova-plugin-geolocation/CDVLocation.h"; sourceTree = "<group>"; fileEncoding = 4; lastKnownFileType = sourcecode.c.h; explicitFileType = undefined; includeInIndex = 0; };
		FA3293E96DE844CAB34F2F5F /* CDVGlobalization.m */ = {isa = PBXFileReference; name = "CDVGlobalization.m"; path = "cordova-plugin-globalization/CDVGlobalization.m"; sourceTree = "<group>"; fileEncoding = 4; lastKnownFileType = sourcecode.c.objc; explicitFileType = undefined; includeInIndex = 0; };
		8CD6ABA6F20B481ABB5BC859 /* CDVGlobalization.h */ = {isa = PBXFileReference; name = "CDVGlobalization.h"; path = "cordova-plugin-globalization/CDVGlobalization.h"; sourceTree = "<group>"; fileEncoding = 4; lastKnownFileType = sourcecode.c.h; explicitFileType = undefined; includeInIndex = 0; };
		5298B3B8C7A440EBA8D8D03C /* CDVInAppBrowser.m */ = {isa = PBXFileReference; name = "CDVInAppBrowser.m"; path = "cordova-plugin-inappbrowser/CDVInAppBrowser.m"; sourceTree = "<group>"; fileEncoding = 4; lastKnownFileType = sourcecode.c.objc; explicitFileType = undefined; includeInIndex = 0; };
		4A8E4BF92DF5421792AC967A /* CDVInAppBrowser.h */ = {isa = PBXFileReference; name = "CDVInAppBrowser.h"; path = "cordova-plugin-inappbrowser/CDVInAppBrowser.h"; sourceTree = "<group>"; fileEncoding = 4; lastKnownFileType = sourcecode.c.h; explicitFileType = undefined; includeInIndex = 0; };
		56EE60029E2342D8AABE11A1 /* CDVSound.m */ = {isa = PBXFileReference; name = "CDVSound.m"; path = "cordova-plugin-media/CDVSound.m"; sourceTree = "<group>"; fileEncoding = 4; lastKnownFileType = sourcecode.c.objc; explicitFileType = undefined; includeInIndex = 0; };
		74647FE51287471E9A1CA66A /* CDVSound.h */ = {isa = PBXFileReference; name = "CDVSound.h"; path = "cordova-plugin-media/CDVSound.h"; sourceTree = "<group>"; fileEncoding = 4; lastKnownFileType = sourcecode.c.h; explicitFileType = undefined; includeInIndex = 0; };
		8C2812AF1CC94FACB84974F4 /* CDVConnection.m */ = {isa = PBXFileReference; name = "CDVConnection.m"; path = "cordova-plugin-network-information/CDVConnection.m"; sourceTree = "<group>"; fileEncoding = 4; lastKnownFileType = sourcecode.c.objc; explicitFileType = undefined; includeInIndex = 0; };
		564C89387DAF4CEB90AE0CCF /* CDVReachability.m */ = {isa = PBXFileReference; name = "CDVReachability.m"; path = "cordova-plugin-network-information/CDVReachability.m"; sourceTree = "<group>"; fileEncoding = 4; lastKnownFileType = sourcecode.c.objc; explicitFileType = undefined; includeInIndex = 0; };
		3B4564BE574B489F9B96BCEC /* CDVConnection.h */ = {isa = PBXFileReference; name = "CDVConnection.h"; path = "cordova-plugin-network-information/CDVConnection.h"; sourceTree = "<group>"; fileEncoding = 4; lastKnownFileType = sourcecode.c.h; explicitFileType = undefined; includeInIndex = 0; };
		B2FA3B57D9154CC9BAFA7FCC /* CDVReachability.h */ = {isa = PBXFileReference; name = "CDVReachability.h"; path = "cordova-plugin-network-information/CDVReachability.h"; sourceTree = "<group>"; fileEncoding = 4; lastKnownFileType = sourcecode.c.h; explicitFileType = undefined; includeInIndex = 0; };
		A6781CA048654659BC67C0FB /* SystemConfiguration.framework */ = {isa = PBXFileReference; name = "SystemConfiguration.framework"; path = "System/Library/Frameworks/SystemConfiguration.framework"; sourceTree = SDKROOT; fileEncoding = undefined; lastKnownFileType = wrapper.framework; explicitFileType = undefined; includeInIndex = 0; };
		F4B2E77CE1D34932AEA372D9 /* CoreTelephony.framework */ = {isa = PBXFileReference; name = "CoreTelephony.framework"; path = "System/Library/Frameworks/CoreTelephony.framework"; sourceTree = SDKROOT; fileEncoding = undefined; lastKnownFileType = wrapper.framework; explicitFileType = undefined; includeInIndex = 0; };
		20B98555616B46A2BE8F1404 /* CDVSplashScreen.m */ = {isa = PBXFileReference; name = "CDVSplashScreen.m"; path = "cordova-plugin-splashscreen/CDVSplashScreen.m"; sourceTree = "<group>"; fileEncoding = 4; lastKnownFileType = sourcecode.c.objc; explicitFileType = undefined; includeInIndex = 0; };
		947E57CC741F4519A928D415 /* CDVViewController+SplashScreen.m */ = {isa = PBXFileReference; name = "CDVViewController+SplashScreen.m"; path = "cordova-plugin-splashscreen/CDVViewController+SplashScreen.m"; sourceTree = "<group>"; fileEncoding = 4; lastKnownFileType = sourcecode.c.objc; explicitFileType = undefined; includeInIndex = 0; };
		A6A47C19CE4745928C1977A0 /* CDVSplashScreen.h */ = {isa = PBXFileReference; name = "CDVSplashScreen.h"; path = "cordova-plugin-splashscreen/CDVSplashScreen.h"; sourceTree = "<group>"; fileEncoding = 4; lastKnownFileType = sourcecode.c.h; explicitFileType = undefined; includeInIndex = 0; };
		91A372BD98FA4387AB8CBA06 /* CDVViewController+SplashScreen.h */ = {isa = PBXFileReference; name = "CDVViewController+SplashScreen.h"; path = "cordova-plugin-splashscreen/CDVViewController+SplashScreen.h"; sourceTree = "<group>"; fileEncoding = 4; lastKnownFileType = sourcecode.c.h; explicitFileType = undefined; includeInIndex = 0; };
		06C8C3668F6E4AAFA5BA323F /* CDVStatusBar.m */ = {isa = PBXFileReference; name = "CDVStatusBar.m"; path = "cordova-plugin-statusbar/CDVStatusBar.m"; sourceTree = "<group>"; fileEncoding = 4; lastKnownFileType = sourcecode.c.objc; explicitFileType = undefined; includeInIndex = 0; };
		83A756DE16F84D4CB636AE55 /* CDVStatusBar.h */ = {isa = PBXFileReference; name = "CDVStatusBar.h"; path = "cordova-plugin-statusbar/CDVStatusBar.h"; sourceTree = "<group>"; fileEncoding = 4; lastKnownFileType = sourcecode.c.h; explicitFileType = undefined; includeInIndex = 0; };
		B067687C5BD24F808B80F9AE /* CDVVibration.m */ = {isa = PBXFileReference; name = "CDVVibration.m"; path = "cordova-plugin-vibration/CDVVibration.m"; sourceTree = "<group>"; fileEncoding = 4; lastKnownFileType = sourcecode.c.objc; explicitFileType = undefined; includeInIndex = 0; };
		D36203E5A102495E9D9F102B /* CDVVibration.h */ = {isa = PBXFileReference; name = "CDVVibration.h"; path = "cordova-plugin-vibration/CDVVibration.h"; sourceTree = "<group>"; fileEncoding = 4; lastKnownFileType = sourcecode.c.h; explicitFileType = undefined; includeInIndex = 0; };
		6AB0E92BB24F456CB54784A6 /* AppDelegate+notification.m */ = {isa = PBXFileReference; name = "AppDelegate+notification.m"; path = "com.phonegap.plugins.PushPlugin/AppDelegate+notification.m"; sourceTree = "<group>"; fileEncoding = 4; lastKnownFileType = sourcecode.c.objc; explicitFileType = undefined; includeInIndex = 0; };
		6AAB51541FCF4235B987D40F /* PushPlugin.m */ = {isa = PBXFileReference; name = "PushPlugin.m"; path = "com.phonegap.plugins.PushPlugin/PushPlugin.m"; sourceTree = "<group>"; fileEncoding = 4; lastKnownFileType = sourcecode.c.objc; explicitFileType = undefined; includeInIndex = 0; };
		84378730D7A04EFEACE8580F /* AppDelegate+notification.h */ = {isa = PBXFileReference; name = "AppDelegate+notification.h"; path = "com.phonegap.plugins.PushPlugin/AppDelegate+notification.h"; sourceTree = "<group>"; fileEncoding = 4; lastKnownFileType = sourcecode.c.h; explicitFileType = undefined; includeInIndex = 0; };
		AC60A68301D344EA8E76DEA3 /* PushPlugin.h */ = {isa = PBXFileReference; name = "PushPlugin.h"; path = "com.phonegap.plugins.PushPlugin/PushPlugin.h"; sourceTree = "<group>"; fileEncoding = 4; lastKnownFileType = sourcecode.c.h; explicitFileType = undefined; includeInIndex = 0; };
/* End PBXFileReference section */

/* Begin PBXFrameworksBuildPhase section */
		1D60588F0D05DD3D006BFB54 /* Frameworks */ = {
			isa = PBXFrameworksBuildPhase;
			buildActionMask = 2147483647;
			files = (
				301BF552109A68D80062928A /* libCordova.a in Frameworks */,
				181E397BDFAE4248A7D0B601 /* AddressBook.framework in Frameworks */,
				98B58F801D9842F1A6C85684 /* AddressBookUI.framework in Frameworks */,
				91D3748931294C649ABBD6D5 /* ImageIO.framework in Frameworks */,
				03A89122FB864489A16894FB /* CoreLocation.framework in Frameworks */,
				DA0D895B89BF4FA49F04A25C /* AVFoundation.framework in Frameworks */,
				4AFE81B58EC44C0085C96880 /* CoreMotion.framework in Frameworks */,
				6BAAFACC80964BC5B3F78144 /* AudioToolbox.framework in Frameworks */,
				25D3DF61492D45099F330DD2 /* SystemConfiguration.framework in Frameworks */,
				433D5735A3234F2780F790CD /* CoreTelephony.framework in Frameworks */,
			);
			runOnlyForDeploymentPostprocessing = 0;
		};
/* End PBXFrameworksBuildPhase section */

/* Begin PBXGroup section */
		080E96DDFE201D6D7F000001 /* Classes */ = {
			isa = PBXGroup;
			children = (
				302D95EE14D2391D003F00A1 /* MainViewController.h */,
				302D95EF14D2391D003F00A1 /* MainViewController.m */,
				302D95F014D2391D003F00A1 /* MainViewController.xib */,
				1D3623240D0F684500981E51 /* AppDelegate.h */,
				1D3623250D0F684500981E51 /* AppDelegate.m */,
			);
			name = Classes;
			path = "intouch/Classes";
			sourceTree = SOURCE_ROOT;
		};
		19C28FACFE9D520D11CA2CBB /* Products */ = {
			isa = PBXGroup;
			children = (
				1D6058910D05DD3D006BFB54 /* intouch.app */,
			);
			name = Products;
			sourceTree = "<group>";
		};
		29B97314FDCFA39411CA2CEA /* CustomTemplate */ = {
			isa = PBXGroup;
			children = (
				EB87FDF41871DAF40020F90C /* config.xml */,
				EB87FDF31871DA8E0020F90C /* www */,
				EB87FDF11871DA420020F90C /* Staging */,
				301BF52D109A57CC0062928A /* CordovaLib.xcodeproj */,
				080E96DDFE201D6D7F000001 /* Classes */,
				307C750510C5A3420062BCA9 /* Plugins */,
				29B97315FDCFA39411CA2CEA /* Other Sources */,
				29B97317FDCFA39411CA2CEA /* Resources */,
				29B97323FDCFA39411CA2CEA /* Frameworks */,
				19C28FACFE9D520D11CA2CBB /* Products */,
			);
			name = CustomTemplate;
			sourceTree = "<group>";
		};
		29B97315FDCFA39411CA2CEA /* Other Sources */ = {
			isa = PBXGroup;
			children = (
				32CA4F630368D1EE00C91783 /* intouch-Prefix.pch */,
				29B97316FDCFA39411CA2CEA /* main.m */,
				ED33DF2A687741AEAF9F8254 /* Bridging-Header.h */,
			);
			name = "Other Sources";
			path = "intouch";
			sourceTree = "<group>";
		};
		29B97317FDCFA39411CA2CEA /* Resources */ = {
			isa = PBXGroup;
			children = (
				0207DA571B56EA530066E2B4 /* Images.xcassets */,
				3047A50E1AB8057F00498E2A /* config */,
				8D1107310486CEB800E47090 /* intouch-Info.plist */,
				B194416F0CDA485F913E7CC9 /* CDVCapture.bundle */,
				7F5498E8A6DF4BC88A037E9F /* CDVNotification.bundle */,
			);
			name = Resources;
			path = "intouch/Resources";
			sourceTree = "<group>";
		};
		29B97323FDCFA39411CA2CEA /* Frameworks */ = {
			isa = PBXGroup;
			children = (
				F8A03E7E5D734E2FB7965F44 /* AddressBook.framework */,
				BBBD441699784410A715C728 /* AddressBookUI.framework */,
				E768C6A75D904CFAA3C0C59A /* ImageIO.framework */,
				81B59B3819E648B790EA26A8 /* CoreLocation.framework */,
				C2F8023AA50A488FA294E717 /* AVFoundation.framework */,
				A717B579DDD44B2E977E8569 /* CoreMotion.framework */,
				E3C4F1278BBD4B419EEADD11 /* AudioToolbox.framework */,
				A6781CA048654659BC67C0FB /* SystemConfiguration.framework */,
				F4B2E77CE1D34932AEA372D9 /* CoreTelephony.framework */,
			);
			name = Frameworks;
			sourceTree = "<group>";
		};
		301BF52E109A57CC0062928A /* Products */ = {
			isa = PBXGroup;
			children = (
				301BF535109A57CC0062928A /* libCordova.a */,
			);
			name = Products;
			sourceTree = "<group>";
		};
		3047A50E1AB8057F00498E2A /* config */ = {
			isa = PBXGroup;
			children = (
				3047A50F1AB8059700498E2A /* build-debug.xcconfig */,
				3047A5101AB8059700498E2A /* build-release.xcconfig */,
				3047A5111AB8059700498E2A /* build.xcconfig */,
			);
			name = config;
			sourceTree = "<group>";
		};
		307C750510C5A3420062BCA9 /* Plugins */ = {
			isa = PBXGroup;
			children = (
				8209B58B857E404C808EE191 /* CDVContacts.m */,
				A4B528EEFA3D4636AB93286A /* CDVContact.m */,
				EFECBE845D044811B1F76E9D /* CDVContacts.h */,
				CF1A09376D4F48DAAF41B191 /* CDVContact.h */,
				FCBB000EF430434CBFA5F3DB /* CDVBattery.m */,
				746DAD1301DD44CF8C4651B0 /* CDVBattery.h */,
				BABB7AC37DAD4E0DADEF9976 /* UIImage+CropScaleOrientation.m */,
				F36C15C8E02A4BFBA31269D1 /* CDVCamera.m */,
				8854238C5E624CCBBF005676 /* CDVJpegHeaderWriter.m */,
				F1813D4C7ADC4461B58C83C0 /* UIImage+CropScaleOrientation.h */,
				D3D122F0D5BC4CC5A95C3814 /* CDVCamera.h */,
				E6ADC7CD30A34304A7414B91 /* CDVJpegHeaderWriter.h */,
				99AAF2CCEB3046A5B2BDD927 /* CDVExif.h */,
				400D8E0CAAEC45ECA9BE229B /* CDVFile.m */,
				C5D9F235CF3B4A97B278ADE3 /* CDVLocalFilesystem.m */,
				C5A29CA627664AE79FB6989E /* CDVAssetLibraryFilesystem.m */,
				4E9A5673A22D4754B3160560 /* CDVFile.h */,
				D20367E2BEEB46CBA1A30721 /* CDVLocalFilesystem.h */,
				12F6799991014C0D81A8508A /* CDVAssetLibraryFilesystem.h */,
				54120A77DD2A4B0E9AAE80DB /* CDVCapture.m */,
				5C2E10310C484DCDBFFC5966 /* CDVCapture.h */,
				E1987E45FD2447E8ABDFA960 /* CDVLogger.m */,
				9B70B21A4BFD47F09DE00B8E /* CDVLogger.h */,
				72D0ED639DEE4284AF337D39 /* CDVDevice.m */,
				91D1BB69E9CE4F609BB25005 /* CDVDevice.h */,
				51119F12D3054BD3A9B72710 /* CDVAccelerometer.m */,
				B5C7581531234D0B8BD7EE1F /* CDVAccelerometer.h */,
				D0B7017E76DB4D84A3FDDBB4 /* CDVCompass.m */,
				4B3322E7EC1C48A3B906B898 /* CDVCompass.h */,
				ED5D4AA2D77E479AABDDDA54 /* CDVNotification.m */,
				092CBC182F834C4CB04E0ECE /* CDVNotification.h */,
				82778A993E8E4628A6A8D567 /* CDVFileTransfer.m */,
				965BF3BF23A74C4BBE038368 /* CDVFileTransfer.h */,
				8D7E641A15254CE191E85021 /* CDVLocation.m */,
				18EA4ED245444D6285128861 /* CDVLocation.h */,
				FA3293E96DE844CAB34F2F5F /* CDVGlobalization.m */,
				8CD6ABA6F20B481ABB5BC859 /* CDVGlobalization.h */,
				5298B3B8C7A440EBA8D8D03C /* CDVInAppBrowser.m */,
				4A8E4BF92DF5421792AC967A /* CDVInAppBrowser.h */,
				56EE60029E2342D8AABE11A1 /* CDVSound.m */,
				74647FE51287471E9A1CA66A /* CDVSound.h */,
				8C2812AF1CC94FACB84974F4 /* CDVConnection.m */,
				564C89387DAF4CEB90AE0CCF /* CDVReachability.m */,
				3B4564BE574B489F9B96BCEC /* CDVConnection.h */,
				B2FA3B57D9154CC9BAFA7FCC /* CDVReachability.h */,
				20B98555616B46A2BE8F1404 /* CDVSplashScreen.m */,
				947E57CC741F4519A928D415 /* CDVViewController+SplashScreen.m */,
				A6A47C19CE4745928C1977A0 /* CDVSplashScreen.h */,
				91A372BD98FA4387AB8CBA06 /* CDVViewController+SplashScreen.h */,
				06C8C3668F6E4AAFA5BA323F /* CDVStatusBar.m */,
				83A756DE16F84D4CB636AE55 /* CDVStatusBar.h */,
				B067687C5BD24F808B80F9AE /* CDVVibration.m */,
				D36203E5A102495E9D9F102B /* CDVVibration.h */,
				6AB0E92BB24F456CB54784A6 /* AppDelegate+notification.m */,
				6AAB51541FCF4235B987D40F /* PushPlugin.m */,
				84378730D7A04EFEACE8580F /* AppDelegate+notification.h */,
				AC60A68301D344EA8E76DEA3 /* PushPlugin.h */,
			);
			name = Plugins;
			path = "intouch/Plugins";
			sourceTree = SOURCE_ROOT;
		};
		EB87FDF11871DA420020F90C /* Staging */ = {
			isa = PBXGroup;
			children = (
				F840E1F0165FE0F500CFE078 /* config.xml */,
				301BF56E109A69640062928A /* www */,
			);
			name = Staging;
			sourceTree = "<group>";
		};
/* End PBXGroup section */

/* Begin PBXNativeTarget section */
		1D6058900D05DD3D006BFB54 /* intouch */ = {
			isa = PBXNativeTarget;
			buildConfigurationList = 1D6058960D05DD3E006BFB54 /* Build configuration list for PBXNativeTarget "intouch" */;
			buildPhases = (
				304B58A110DAC018002A0835 /* Copy www directory */,
				1D60588D0D05DD3D006BFB54 /* Resources */,
				1D60588E0D05DD3D006BFB54 /* Sources */,
				1D60588F0D05DD3D006BFB54 /* Frameworks */,
			);
			buildRules = (
			);
			dependencies = (
				301BF551109A68C00062928A /* PBXTargetDependency */,
			);
			name = "intouch";
			productName = "intouch";
			productReference = 1D6058910D05DD3D006BFB54 /* intouch.app */;
			productType = "com.apple.product-type.application";
		};
/* End PBXNativeTarget section */

/* Begin PBXProject section */
		29B97313FDCFA39411CA2CEA /* Project object */ = {
			isa = PBXProject;
			attributes = {
				LastUpgradeCheck = 510;
			};
			buildConfigurationList = C01FCF4E08A954540054247B /* Build configuration list for PBXProject "__NON-CLI__" */;
			compatibilityVersion = "Xcode 3.2";
			developmentRegion = English;
			hasScannedForEncodings = 1;
			mainGroup = 29B97314FDCFA39411CA2CEA /* CustomTemplate */;
			projectDirPath = "";
			projectReferences = (
				{
					ProductGroup = 301BF52E109A57CC0062928A /* Products */;
					ProjectRef = 301BF52D109A57CC0062928A /* CordovaLib.xcodeproj */;
				},
			);
			projectRoot = "";
			targets = (
				1D6058900D05DD3D006BFB54 /* intouch */,
			);
		};
/* End PBXProject section */

/* Begin PBXReferenceProxy section */
		301BF535109A57CC0062928A /* libCordova.a */ = {
			isa = PBXReferenceProxy;
			fileType = archive.ar;
			path = libCordova.a;
			remoteRef = 301BF534109A57CC0062928A /* PBXContainerItemProxy */;
			sourceTree = BUILT_PRODUCTS_DIR;
		};
/* End PBXReferenceProxy section */

/* Begin PBXResourcesBuildPhase section */
		1D60588D0D05DD3D006BFB54 /* Resources */ = {
			isa = PBXResourcesBuildPhase;
			buildActionMask = 2147483647;
			files = (
				302D95F214D2391D003F00A1 /* MainViewController.xib in Resources */,
				3047A5131AB8059700498E2A /* build-release.xcconfig in Resources */,
				3047A5141AB8059700498E2A /* build.xcconfig in Resources */,
				0207DA581B56EA530066E2B4 /* Images.xcassets in Resources */,
				3047A5121AB8059700498E2A /* build-debug.xcconfig in Resources */,
				49FC6A931DC848D88FA133E9 /* CDVCapture.bundle in Resources */,
				9BE6018401CA4D75BCB2B0A4 /* CDVNotification.bundle in Resources */,
			);
			runOnlyForDeploymentPostprocessing = 0;
		};
/* End PBXResourcesBuildPhase section */

/* Begin PBXShellScriptBuildPhase section */
		304B58A110DAC018002A0835 /* Copy www directory */ = {
			isa = PBXShellScriptBuildPhase;
			buildActionMask = 2147483647;
			files = (
			);
			inputPaths = (
			);
			name = "Copy www directory";
			outputPaths = (
			);
			runOnlyForDeploymentPostprocessing = 0;
			shellPath = /bin/sh;
			shellScript = "NODEJS_PATH=/usr/local/bin; NVM_NODE_PATH=~/.nvm/versions/node/`nvm version 2>/dev/null`/bin; N_NODE_PATH=`find /usr/local/n/versions/node/* -maxdepth 0 -type d 2>/dev/null | tail -1`/bin; XCODE_NODE_PATH=`xcode-select --print-path`/usr/share/xcs/Node/bin; PATH=$NODEJS_PATH:$NVM_NODE_PATH:$N_NODE_PATH:$XCODE_NODE_PATH:$PATH && node cordova/lib/copy-www-build-step.js";
			showEnvVarsInLog = 0;
		};
/* End PBXShellScriptBuildPhase section */

/* Begin PBXSourcesBuildPhase section */
		1D60588E0D05DD3D006BFB54 /* Sources */ = {
			isa = PBXSourcesBuildPhase;
			buildActionMask = 2147483647;
			files = (
				1D60589B0D05DD56006BFB54 /* main.m in Sources */,
				1D3623260D0F684500981E51 /* AppDelegate.m in Sources */,
				302D95F114D2391D003F00A1 /* MainViewController.m in Sources */,
				7E346D4FDCE44B20876DECEE /* CDVContacts.m in Sources */,
				D21A9D3AE81541C5894A8EE7 /* CDVContact.m in Sources */,
				1E58D113AD08428BBA8AFEB8 /* CDVBattery.m in Sources */,
				0161EDEC9B604E21BA3DA5E4 /* UIImage+CropScaleOrientation.m in Sources */,
				7881A6786E2F4FA382427A7C /* CDVCamera.m in Sources */,
				217DD5A4FD3B47DBAE06CBE8 /* CDVJpegHeaderWriter.m in Sources */,
				9A97027243714E9E98D30588 /* CDVFile.m in Sources */,
				49F169971DD04044943E9EDC /* CDVLocalFilesystem.m in Sources */,
				B314F9704EB04A77BFE0C384 /* CDVAssetLibraryFilesystem.m in Sources */,
				64AC2C7735F24C3C9280E952 /* CDVCapture.m in Sources */,
				6C8B4D6C214C410C90308D47 /* CDVLogger.m in Sources */,
				A680F35DF2FD458AB01086DB /* CDVDevice.m in Sources */,
				5F729BEE67ED4E11A3C9C669 /* CDVAccelerometer.m in Sources */,
				365CD19EC27F478297B123EE /* CDVCompass.m in Sources */,
				CC647CB1E5344CA4B45162AE /* CDVNotification.m in Sources */,
				362942B192E24C9BB304B2F4 /* CDVFileTransfer.m in Sources */,
				8CC5D54FAAAB459091B3247C /* CDVLocation.m in Sources */,
				0A586BC22B0147D5B1CE89AC /* CDVGlobalization.m in Sources */,
				97B19F3D94074390BACBB6EB /* CDVInAppBrowser.m in Sources */,
				C334C49132394FC69EE8D7DA /* CDVSound.m in Sources */,
				0C1CB2E854B543778A149B91 /* CDVConnection.m in Sources */,
				98337C70A6764BB494D672C6 /* CDVReachability.m in Sources */,
				2CD372A45BC24CB2995BA289 /* CDVSplashScreen.m in Sources */,
				8D1D38A10E7C42D0AB54CDBD /* CDVViewController+SplashScreen.m in Sources */,
				5878BC5EF90F462E9267C175 /* CDVStatusBar.m in Sources */,
				5CDF93998F11436B869FC19D /* CDVVibration.m in Sources */,
				D3444B9F771C460CAB024457 /* AppDelegate+notification.m in Sources */,
				C404042377044D1C9E14B2EE /* PushPlugin.m in Sources */,
			);
			runOnlyForDeploymentPostprocessing = 0;
		};
/* End PBXSourcesBuildPhase section */

/* Begin PBXTargetDependency section */
		301BF551109A68C00062928A /* PBXTargetDependency */ = {
			isa = PBXTargetDependency;
			name = CordovaLib;
			targetProxy = 301BF550109A68C00062928A /* PBXContainerItemProxy */;
		};
/* End PBXTargetDependency section */

/* Begin XCBuildConfiguration section */
		1D6058940D05DD3E006BFB54 /* Debug */ = {
			isa = XCBuildConfiguration;
			baseConfigurationReference = 3047A50F1AB8059700498E2A /* build-debug.xcconfig */;
			buildSettings = {
				ALWAYS_SEARCH_USER_PATHS = NO;
				ASSETCATALOG_COMPILER_APPICON_NAME = AppIcon;
				ASSETCATALOG_COMPILER_LAUNCHIMAGE_NAME = LaunchImage;
				CLANG_ENABLE_MODULES = YES;
				CLANG_ENABLE_OBJC_ARC = YES;
				COPY_PHASE_STRIP = NO;
				GCC_DYNAMIC_NO_PIC = NO;
				GCC_OPTIMIZATION_LEVEL = 0;
				GCC_PRECOMPILE_PREFIX_HEADER = YES;
				GCC_PREFIX_HEADER = "intouch/intouch-Prefix.pch";
				GCC_THUMB_SUPPORT = NO;
				GCC_VERSION = "";
				INFOPLIST_FILE = "intouch/intouch-Info.plist";
				LD_RUNPATH_SEARCH_PATHS = "@executable_path/Frameworks";
				PRODUCT_NAME = "intouch";
			};
			name = Debug;
		};
		1D6058950D05DD3E006BFB54 /* Release */ = {
			isa = XCBuildConfiguration;
			baseConfigurationReference = 3047A5101AB8059700498E2A /* build-release.xcconfig */;
			buildSettings = {
				ALWAYS_SEARCH_USER_PATHS = NO;
				ASSETCATALOG_COMPILER_APPICON_NAME = AppIcon;
				ASSETCATALOG_COMPILER_LAUNCHIMAGE_NAME = LaunchImage;
				CLANG_ENABLE_MODULES = YES;
				CLANG_ENABLE_OBJC_ARC = YES;
				COPY_PHASE_STRIP = YES;
				GCC_PRECOMPILE_PREFIX_HEADER = YES;
				GCC_PREFIX_HEADER = "intouch/intouch-Prefix.pch";
				GCC_THUMB_SUPPORT = NO;
				GCC_VERSION = "";
				INFOPLIST_FILE = "intouch/intouch-Info.plist";
				PRODUCT_NAME = "intouch";
			};
			name = Release;
		};
		C01FCF4F08A954540054247B /* Debug */ = {
			isa = XCBuildConfiguration;
			baseConfigurationReference = 3047A5111AB8059700498E2A /* build.xcconfig */;
			buildSettings = {
				CLANG_ENABLE_MODULES = YES;
				CLANG_ENABLE_OBJC_ARC = YES;
				CLANG_WARN_BOOL_CONVERSION = YES;
				CLANG_WARN_CONSTANT_CONVERSION = YES;
				CLANG_WARN_EMPTY_BODY = YES;
				CLANG_WARN_ENUM_CONVERSION = YES;
				CLANG_WARN_INT_CONVERSION = YES;
				CLANG_WARN__DUPLICATE_METHOD_MATCH = YES;
				GCC_C_LANGUAGE_STANDARD = c99;
				GCC_THUMB_SUPPORT = NO;
				GCC_VERSION = "";
				GCC_WARN_ABOUT_RETURN_TYPE = YES;
				GCC_WARN_UNDECLARED_SELECTOR = YES;
				GCC_WARN_UNINITIALIZED_AUTOS = YES;
				GCC_WARN_UNUSED_FUNCTION = YES;
				GCC_WARN_UNUSED_VARIABLE = YES;
				ONLY_ACTIVE_ARCH = YES;
				SDKROOT = iphoneos;
				SKIP_INSTALL = NO;
			};
			name = Debug;
		};
		C01FCF5008A954540054247B /* Release */ = {
			isa = XCBuildConfiguration;
			baseConfigurationReference = 3047A5111AB8059700498E2A /* build.xcconfig */;
			buildSettings = {
				CLANG_ENABLE_MODULES = YES;
				CLANG_ENABLE_OBJC_ARC = YES;
				CLANG_WARN_BOOL_CONVERSION = YES;
				CLANG_WARN_CONSTANT_CONVERSION = YES;
				CLANG_WARN_EMPTY_BODY = YES;
				CLANG_WARN_ENUM_CONVERSION = YES;
				CLANG_WARN_INT_CONVERSION = YES;
				CLANG_WARN__DUPLICATE_METHOD_MATCH = YES;
				GCC_C_LANGUAGE_STANDARD = c99;
				GCC_THUMB_SUPPORT = NO;
				GCC_VERSION = "";
				GCC_WARN_ABOUT_RETURN_TYPE = YES;
				GCC_WARN_UNDECLARED_SELECTOR = YES;
				GCC_WARN_UNINITIALIZED_AUTOS = YES;
				GCC_WARN_UNUSED_FUNCTION = YES;
				GCC_WARN_UNUSED_VARIABLE = YES;
				SDKROOT = iphoneos;
				SKIP_INSTALL = NO;
			};
			name = Release;
		};
/* End XCBuildConfiguration section */

/* Begin XCConfigurationList section */
		1D6058960D05DD3E006BFB54 /* Build configuration list for PBXNativeTarget "intouch" */ = {
			isa = XCConfigurationList;
			buildConfigurations = (
				1D6058940D05DD3E006BFB54 /* Debug */,
				1D6058950D05DD3E006BFB54 /* Release */,
			);
			defaultConfigurationIsVisible = 0;
			defaultConfigurationName = Release;
		};
		C01FCF4E08A954540054247B /* Build configuration list for PBXProject "__NON-CLI__" */ = {
			isa = XCConfigurationList;
			buildConfigurations = (
				C01FCF4F08A954540054247B /* Debug */,
				C01FCF5008A954540054247B /* Release */,
			);
			defaultConfigurationIsVisible = 0;
			defaultConfigurationName = Release;
		};
/* End XCConfigurationList section */
	};
	rootObject = 29B97313FDCFA39411CA2CEA /* Project object */;
}
